
Microsoft Visual Studio Solution File, Format Version 12.00
# Visual Studio Version 17
VisualStudioVersion = 17.13.35913.81 d17.13
MinimumVisualStudioVersion = 10.0.40219.1
Project("{54A90642-561A-4BB1-A94E-469ADEE60C69}") = "wordcloud.client", "wordcloud.client\wordcloud.client.esproj", "{C9504B79-E72A-795E-FE06-186A8D546A2D}"
EndProject
Project("{FAE04EC0-301F-11D3-BF4B-00C04F79EFBC}") = "WordCloud.Server", "WordCloud.Server\WordCloud.Server.csproj", "{9B778A23-C579-47C0-9DDB-BBAE69CCA6DA}"
EndProject
Global
	GlobalSection(SolutionConfigurationPlatforms) = preSolution
		Debug|Any CPU = Debug|Any CPU
		Release|Any CPU = Release|Any CPU
	EndGlobalSection
	GlobalSection(ProjectConfigurationPlatforms) = postSolution
		{C9504B79-E72A-795E-FE06-186A8D546A2D}.Debug|Any CPU.ActiveCfg = Debug|Any CPU
		{C9504B79-E72A-795E-FE06-186A8D546A2D}.Debug|Any CPU.Build.0 = Debug|Any CPU
		{C9504B79-E72A-795E-FE06-186A8D546A2D}.Debug|Any CPU.Deploy.0 = Debug|Any CPU
		{C9504B79-E72A-795E-FE06-186A8D546A2D}.Release|Any CPU.ActiveCfg = Release|Any CPU
		{C9504B79-E72A-795E-FE06-186A8D546A2D}.Release|Any CPU.Build.0 = Release|Any CPU
		{C9504B79-E72A-795E-FE06-186A8D546A2D}.Release|Any CPU.Deploy.0 = Release|Any CPU
		{9B778A23-C579-47C0-9DDB-BBAE69CCA6DA}.Debug|Any CPU.ActiveCfg = Debug|Any CPU
		{9B778A23-C579-47C0-9DDB-BBAE69CCA6DA}.Debug|Any CPU.Build.0 = Debug|Any CPU
		{9B778A23-C579-47C0-9DDB-BBAE69CCA6DA}.Release|Any CPU.ActiveCfg = Release|Any CPU
		{9B778A23-C579-47C0-9DDB-BBAE69CCA6DA}.Release|Any CPU.Build.0 = Release|Any CPU
	EndGlobalSection
	GlobalSection(SolutionProperties) = preSolution
		HideSolutionNode = FALSE
	EndGlobalSection
	GlobalSection(ExtensibilityGlobals) = postSolution
		SolutionGuid = {FDBAFFED-ED07-401C-868D-B0F6F5CC3059}
	EndGlobalSection
EndGlobal
